{
  "name": "react-native-cached-image",
  "version": "1.4.3",
  "lockfileVersion": 1,
  "requires": true,
  "dependencies": {
    "@react-native-community/netinfo": {
      "version": "2.0.10",
      "resolved": "https://registry.npmjs.org/@react-native-community/netinfo/-/netinfo-2.0.10.tgz",
      "integrity": "sha512-NrIzyLe0eSbhgMnHl2QdSEhaA7yXh6p9jzMomfUa//hoTXE+xbObGDdiWWSQm2bnXnZJg8XCU3AB9qzvqcuLnA=="
    }
  }
}
